
Microsoft Visual Studio Solution File, Format Version 12.00
# Visual Studio Version 17
VisualStudioVersion = 17.5.33516.290
MinimumVisualStudioVersion = 10.0.40219.1
Project("{FAE04EC0-301F-11D3-BF4B-00C04F79EFBC}") = "Dutch Lady App", "Dutch Lady App\Dutch Lady App.csproj", "{B4EB463B-D6E1-4C99-928F-4FED7405176B}"
	ProjectSection(ProjectDependencies) = postProject
		{71A6984E-5DBD-470A-993C-AB9F967F505D} = {71A6984E-5DBD-470A-993C-AB9F967F505D}
	EndProjectSection
EndProject
Project("{8BC9CEB8-8B4A-11D0-8D11-00A0C91BC942}") = "MyDll", "MyDll\MyDll.vcxproj", "{71A6984E-5DBD-470A-993C-AB9F967F505D}"
EndProject
Project("{54435603-DBB4-11D2-8724-00A0C9A8B90C}") = "SetupFCV", "SetupFCV\SetupFCV.vdproj", "{BDB2490C-AB30-43C1-8E0B-B2E45F4CFC82}"
EndProject
Global
	GlobalSection(SolutionConfigurationPlatforms) = preSolution
		Debug|Any CPU = Debug|Any CPU
		Debug|x64 = Debug|x64
		Debug|x86 = Debug|x86
		Release|Any CPU = Release|Any CPU
		Release|x64 = Release|x64
		Release|x86 = Release|x86
	EndGlobalSection
	GlobalSection(ProjectConfigurationPlatforms) = postSolution
		{B4EB463B-D6E1-4C99-928F-4FED7405176B}.Debug|Any CPU.ActiveCfg = Debug|Any CPU
		{B4EB463B-D6E1-4C99-928F-4FED7405176B}.Debug|Any CPU.Build.0 = Debug|Any CPU
		{B4EB463B-D6E1-4C99-928F-4FED7405176B}.Debug|x64.ActiveCfg = Debug|x64
		{B4EB463B-D6E1-4C99-928F-4FED7405176B}.Debug|x64.Build.0 = Debug|x64
		{B4EB463B-D6E1-4C99-928F-4FED7405176B}.Debug|x86.ActiveCfg = Debug|Any CPU
		{B4EB463B-D6E1-4C99-928F-4FED7405176B}.Debug|x86.Build.0 = Debug|Any CPU
		{B4EB463B-D6E1-4C99-928F-4FED7405176B}.Release|Any CPU.ActiveCfg = Release|Any CPU
		{B4EB463B-D6E1-4C99-928F-4FED7405176B}.Release|Any CPU.Build.0 = Release|Any CPU
		{B4EB463B-D6E1-4C99-928F-4FED7405176B}.Release|x64.ActiveCfg = Release|x64
		{B4EB463B-D6E1-4C99-928F-4FED7405176B}.Release|x64.Build.0 = Release|x64
		{B4EB463B-D6E1-4C99-928F-4FED7405176B}.Release|x86.ActiveCfg = Release|Any CPU
		{B4EB463B-D6E1-4C99-928F-4FED7405176B}.Release|x86.Build.0 = Release|Any CPU
		{71A6984E-5DBD-470A-993C-AB9F967F505D}.Debug|Any CPU.ActiveCfg = Debug|x64
		{71A6984E-5DBD-470A-993C-AB9F967F505D}.Debug|Any CPU.Build.0 = Debug|x64
		{71A6984E-5DBD-470A-993C-AB9F967F505D}.Debug|x64.ActiveCfg = Debug|x64
		{71A6984E-5DBD-470A-993C-AB9F967F505D}.Debug|x64.Build.0 = Debug|x64
		{71A6984E-5DBD-470A-993C-AB9F967F505D}.Debug|x86.ActiveCfg = Debug|Win32
		{71A6984E-5DBD-470A-993C-AB9F967F505D}.Debug|x86.Build.0 = Debug|Win32
		{71A6984E-5DBD-470A-993C-AB9F967F505D}.Release|Any CPU.ActiveCfg = Release|x64
		{71A6984E-5DBD-470A-993C-AB9F967F505D}.Release|Any CPU.Build.0 = Release|x64
		{71A6984E-5DBD-470A-993C-AB9F967F505D}.Release|x64.ActiveCfg = Release|x64
		{71A6984E-5DBD-470A-993C-AB9F967F505D}.Release|x64.Build.0 = Release|x64
		{71A6984E-5DBD-470A-993C-AB9F967F505D}.Release|x86.ActiveCfg = Release|Win32
		{71A6984E-5DBD-470A-993C-AB9F967F505D}.Release|x86.Build.0 = Release|Win32
		{BDB2490C-AB30-43C1-8E0B-B2E45F4CFC82}.Debug|Any CPU.ActiveCfg = Debug
		{BDB2490C-AB30-43C1-8E0B-B2E45F4CFC82}.Debug|x64.ActiveCfg = Debug
		{BDB2490C-AB30-43C1-8E0B-B2E45F4CFC82}.Debug|x86.ActiveCfg = Debug
		{BDB2490C-AB30-43C1-8E0B-B2E45F4CFC82}.Release|Any CPU.ActiveCfg = Release
		{BDB2490C-AB30-43C1-8E0B-B2E45F4CFC82}.Release|x64.ActiveCfg = Release
		{BDB2490C-AB30-43C1-8E0B-B2E45F4CFC82}.Release|x86.ActiveCfg = Release
	EndGlobalSection
	GlobalSection(SolutionProperties) = preSolution
		HideSolutionNode = FALSE
	EndGlobalSection
	GlobalSection(ExtensibilityGlobals) = postSolution
		SolutionGuid = {155F6C4D-BFA5-4834-BC43-CD9C3CCAF719}
	EndGlobalSection
EndGlobal
